{
    "_readme": [
        "This file locks the dependencies of your project to a known state",
        "Read more about it at https://getcomposer.org/doc/01-basic-usage.md#installing-dependencies",
        "This file is @generated automatically"
    ],
    "content-hash": "3a5d308d06c541c0f572664cef3c7d06",
    "packages": [
        {
            "name": "ag-develop/interfaces",
            "version": "dev-feature/basic-interfaces-defined",
            "source": {
                "type": "git",
                "url": "https://github.com/AG-Develop/interfaces.git",
                "reference": "88b65c41b2c98e7da347a8e5499419367f27c51a"
            },
            "dist": {
                "type": "zip",
                "url": "https://api.github.com/repos/AG-Develop/interfaces/zipball/88b65c41b2c98e7da347a8e5499419367f27c51a",
                "reference": "88b65c41b2c98e7da347a8e5499419367f27c51a",
                "shasum": ""
            },
            "require": {
                "php": ">=8.0",
                "psr/log": "^3.0"
            },
            "type": "library",
            "autoload": {
                "psr-4": {
                    "AgDevelop\\Interface\\": "src/"
                }
            },
            "description": "Basic interfaces catalog",
            "support": {
                "source": "https://github.com/AG-Develop/interfaces/tree/feature/basic-interfaces-defined",
                "issues": "https://github.com/AG-Develop/interfaces/issues"
            },
            "time": "2022-07-15T10:31:39+00:00"
        },
        {
            "name": "psr/log",
            "version": "3.0.0",
            "source": {
                "type": "git",
                "url": "https://github.com/php-fig/log.git",
                "reference": "fe5ea303b0887d5caefd3d431c3e61ad47037001"
            },
            "dist": {
                "type": "zip",
                "url": "https://api.github.com/repos/php-fig/log/zipball/fe5ea303b0887d5caefd3d431c3e61ad47037001",
                "reference": "fe5ea303b0887d5caefd3d431c3e61ad47037001",
                "shasum": ""
            },
            "require": {
                "php": ">=8.0.0"
            },
            "type": "library",
            "extra": {
                "branch-alias": {
                    "dev-master": "3.x-dev"
                }
            },
            "autoload": {
                "psr-4": {
                    "Psr\\Log\\": "src"
                }
            },
            "notification-url": "https://packagist.org/downloads/",
            "license": [
                "MIT"
            ],
            "authors": [
                {
                    "name": "PHP-FIG",
                    "homepage": "https://www.php-fig.org/"
                }
            ],
            "description": "Common interface for logging libraries",
            "homepage": "https://github.com/php-fig/log",
            "keywords": [
                "log",
                "psr",
                "psr-3"
            ],
            "support": {
                "source": "https://github.com/php-fig/log/tree/3.0.0"
            },
            "time": "2021-07-14T16:46:02+00:00"
        },
        {
            "name": "spatie/data-transfer-object",
            "version": "3.8.1",
            "source": {
                "type": "git",
                "url": "https://github.com/spatie/data-transfer-object.git",
                "reference": "83c04ce0bbcb2f143782d45b5b285022fc2f8721"
            },
            "dist": {
                "type": "zip",
                "url": "https://api.github.com/repos/spatie/data-transfer-object/zipball/83c04ce0bbcb2f143782d45b5b285022fc2f8721",
                "reference": "83c04ce0bbcb2f143782d45b5b285022fc2f8721",
                "shasum": ""
            },
            "require": {
                "php": "^8.0"
            },
            "require-dev": {
                "illuminate/collections": "^8.36",
                "jetbrains/phpstorm-attributes": "^1.0",
                "larapack/dd": "^1.1",
                "phpunit/phpunit": "^9.5.5"
            },
            "type": "library",
            "autoload": {
                "psr-4": {
                    "Spatie\\DataTransferObject\\": "src"
                }
            },
            "notification-url": "https://packagist.org/downloads/",
            "license": [
                "MIT"
            ],
            "authors": [
                {
                    "name": "Brent Roose",
                    "email": "brent@spatie.be",
                    "homepage": "https://spatie.be",
                    "role": "Developer"
                }
            ],
            "description": "Data transfer objects with batteries included",
            "homepage": "https://github.com/spatie/data-transfer-object",
            "keywords": [
                "data-transfer-object",
                "spatie"
            ],
            "support": {
                "issues": "https://github.com/spatie/data-transfer-object/issues",
                "source": "https://github.com/spatie/data-transfer-object/tree/3.8.1"
            },
            "funding": [
                {
                    "url": "https://spatie.be/open-source/support-us",
                    "type": "custom"
                },
                {
                    "url": "https://github.com/spatie",
                    "type": "github"
                }
            ],
            "time": "2022-06-02T20:28:47+00:00"
        }
    ],
    "packages-dev": [],
    "aliases": [],
    "minimum-stability": "stable",
    "stability-flags": {
        "ag-develop/interfaces": 20
    },
    "prefer-stable": false,
    "prefer-lowest": false,
    "platform": [],
    "platform-dev": [],
    "plugin-api-version": "2.2.0"
}
